
Microsoft Visual Studio Solution File, Format Version 12.00
# Visual Studio 15
VisualStudioVersion = 15.0.26730.16
MinimumVisualStudioVersion = 10.0.40219.1
Project("{8BC9CEB8-8B4A-11D0-8D11-00A0C91BC942}") = "GP3Coursework", "GP3Coursework\GP3Coursework.vcxproj", "{445CDB81-5A27-47E6-9F0C-88D9931DEC11}"
EndProject
Global
	GlobalSection(SolutionConfigurationPlatforms) = preSolution
		Debug|x64 = Debug|x64
		Debug|x86 = Debug|x86
		Release|x64 = Release|x64
		Release|x86 = Release|x86
	EndGlobalSection
	GlobalSection(ProjectConfigurationPlatforms) = postSolution
		{445CDB81-5A27-47E6-9F0C-88D9931DEC11}.Debug|x64.ActiveCfg = Debug|x64
		{445CDB81-5A27-47E6-9F0C-88D9931DEC11}.Debug|x64.Build.0 = Debug|x64
		{445CDB81-5A27-47E6-9F0C-88D9931DEC11}.Debug|x86.ActiveCfg = Debug|Win32
		{445CDB81-5A27-47E6-9F0C-88D9931DEC11}.Debug|x86.Build.0 = Debug|Win32
		{445CDB81-5A27-47E6-9F0C-88D9931DEC11}.Release|x64.ActiveCfg = Release|x64
		{445CDB81-5A27-47E6-9F0C-88D9931DEC11}.Release|x64.Build.0 = Release|x64
		{445CDB81-5A27-47E6-9F0C-88D9931DEC11}.Release|x86.ActiveCfg = Release|Win32
		{445CDB81-5A27-47E6-9F0C-88D9931DEC11}.Release|x86.Build.0 = Release|Win32
	EndGlobalSection
	GlobalSection(SolutionProperties) = preSolution
		HideSolutionNode = FALSE
	EndGlobalSection
	GlobalSection(ExtensibilityGlobals) = postSolution
		SolutionGuid = {B2C8A89C-DDDD-4566-BA6D-FA2C19FCBD88}
	EndGlobalSection
EndGlobal
